<?xml version="1.0" encoding="utf-8"?>
<Project ToolsVersion="4.0" xmlns="http://schemas.microsoft.com/developer/msbuild/2003">
  <ItemGroup>
    <ClInclude Include="Stdafx.h" />
    <ClInclude Include="NonCopyable.h" />
    <ClInclude Include="Filesystem.h" />
    <ClInclude Include="Utility.h" />
    <ClInclude Include="Application.h" />
    <ClInclude Include="VK\PlatformVk.h">
      <Filter>Graphics\VK</Filter>
    </ClInclude>
    <ClInclude Include="DX12\Platform12.h">
      <Filter>Graphics\DX12</Filter>
    </ClInclude>
    <ClInclude Include="Math\CommonMath.h">
      <Filter>Math</Filter>
    </ClInclude>
    <ClInclude Include="Math\BoundingPlane.h">
      <Filter>Math</Filter>
    </ClInclude>
    <ClInclude Include="Math\Scalar.h">
      <Filter>Math</Filter>
    </ClInclude>
    <ClInclude Include="VectorMath.h" />
    <ClInclude Include="Math\Vector.h">
      <Filter>Math</Filter>
    </ClInclude>
    <ClInclude Include="Math\Quaternion.h">
      <Filter>Math</Filter>
    </ClInclude>
    <ClInclude Include="Math\Matrix3.h">
      <Filter>Math</Filter>
    </ClInclude>
    <ClInclude Include="Math\Transform.h">
      <Filter>Math</Filter>
    </ClInclude>
    <ClInclude Include="Math\Matrix4.h">
      <Filter>Math</Filter>
    </ClInclude>
    <ClInclude Include="Math\Random.h">
      <Filter>Math</Filter>
    </ClInclude>
    <ClInclude Include="Math\BoundingSphere.h">
      <Filter>Math</Filter>
    </ClInclude>
    <ClInclude Include="Math\Frustum.h">
      <Filter>Math</Filter>
    </ClInclude>
    <ClInclude Include="BitmaskEnum.h" />
    <ClInclude Include="Hash.h" />
    <ClInclude Include="Log.h" />
    <ClInclude Include="Input.h" />
  </ItemGroup>
  <ItemGroup>
    <ClCompile Include="Stdafx.cpp" />
    <ClCompile Include="Filesystem.cpp" />
    <ClCompile Include="Utility.cpp" />
    <ClCompile Include="Application.cpp" />
    <ClCompile Include="Math\Random.cpp">
      <Filter>Math</Filter>
    </ClCompile>
    <ClCompile Include="Math\Frustum.cpp">
      <Filter>Math</Filter>
    </ClCompile>
    <ClCompile Include="Hash.cpp" />
    <ClCompile Include="Log.cpp" />
    <ClCompile Include="Input.cpp" />
  </ItemGroup>
  <ItemGroup>
    <Filter Include="Graphics">
      <UniqueIdentifier>{c679a5a6-3643-4606-9e97-33f7450457d8}</UniqueIdentifier>
    </Filter>
    <Filter Include="Graphics\DX12">
      <UniqueIdentifier>{0ed148d6-cc7f-4de2-ba5d-6eb3535c603c}</UniqueIdentifier>
    </Filter>
    <Filter Include="Graphics\VK">
      <UniqueIdentifier>{39db9c21-ce93-45b1-8be0-55192bf5547f}</UniqueIdentifier>
    </Filter>
    <Filter Include="Math">
      <UniqueIdentifier>{7906b418-7c90-42d7-9e39-8126876980e6}</UniqueIdentifier>
    </Filter>
  </ItemGroup>
  <ItemGroup>
    <None Include="Math\Functions.inl">
      <Filter>Math</Filter>
    </None>
  </ItemGroup>
</Project>